
Microsoft Visual Studio Solution File, Format Version 12.00
# Visual Studio Version 17
VisualStudioVersion = 17.1.32210.238
MinimumVisualStudioVersion = 10.0.40219.1
Project("{FAE04EC0-301F-11D3-BF4B-00C04F79EFBC}") = "IdentityManager", "IdentityManager\IdentityManager.csproj", "{28B6C664-AA35-4749-8C07-AF3B2C3ADDB7}"
EndProject
Global
	GlobalSection(SolutionConfigurationPlatforms) = preSolution
		Debug|Any CPU = Debug|Any CPU
		Release|Any CPU = Release|Any CPU
	EndGlobalSection
	GlobalSection(ProjectConfigurationPlatforms) = postSolution
		{28B6C664-AA35-4749-8C07-AF3B2C3ADDB7}.Debug|Any CPU.ActiveCfg = Debug|Any CPU
		{28B6C664-AA35-4749-8C07-AF3B2C3ADDB7}.Debug|Any CPU.Build.0 = Debug|Any CPU
		{28B6C664-AA35-4749-8C07-AF3B2C3ADDB7}.Release|Any CPU.ActiveCfg = Release|Any CPU
		{28B6C664-AA35-4749-8C07-AF3B2C3ADDB7}.Release|Any CPU.Build.0 = Release|Any CPU
	EndGlobalSection
	GlobalSection(SolutionProperties) = preSolution
		HideSolutionNode = FALSE
	EndGlobalSection
	GlobalSection(ExtensibilityGlobals) = postSolution
		SolutionGuid = {BBC7643D-2421-4ADE-8840-A8EC472E3967}
	EndGlobalSection
EndGlobal
